
Microsoft Visual Studio Solution File, Format Version 12.00
# Visual Studio Version 17
VisualStudioVersion = 17.4.33205.214
MinimumVisualStudioVersion = 10.0.40219.1
Project("{FAE04EC0-301F-11D3-BF4B-00C04F79EFBC}") = "Task_1", "Lab Work\Task_1.csproj", "{BA56B728-026B-4004-AD19-D790285DDFB2}"
EndProject
Project("{FAE04EC0-301F-11D3-BF4B-00C04F79EFBC}") = "Task_2", "Task_2\Task_2.csproj", "{C6D869D2-4123-43A2-A8A6-37B4D6235D74}"
EndProject
Project("{FAE04EC0-301F-11D3-BF4B-00C04F79EFBC}") = "Task_3", "Task_3\Task_3.csproj", "{14A37510-4BA0-402D-AFC6-5F8BE43D9D24}"
EndProject
Project("{FAE04EC0-301F-11D3-BF4B-00C04F79EFBC}") = "Task_4", "Task_4\Task_4.csproj", "{F99B5D7A-17B9-4087-BA47-6DF7AFBAF5B5}"
EndProject
Project("{FAE04EC0-301F-11D3-BF4B-00C04F79EFBC}") = "Task_5", "Task_5\Task_5.csproj", "{EB307BED-5716-4AB1-A5D4-3AEF405EB3D7}"
EndProject
Project("{FAE04EC0-301F-11D3-BF4B-00C04F79EFBC}") = "Task_6", "Task_6\Task_6.csproj", "{48AC96CB-2AF5-43D1-978F-1DD3997421C0}"
EndProject
Project("{FAE04EC0-301F-11D3-BF4B-00C04F79EFBC}") = "Task_7", "Task_7\Task_7.csproj", "{5696EAA0-257A-4A82-B997-AAFD2FA3AE92}"
EndProject
Project("{FAE04EC0-301F-11D3-BF4B-00C04F79EFBC}") = "Task_8", "Task_8\Task_8.csproj", "{5DB865C6-87DB-4076-8BE6-B9478A7A27B0}"
EndProject
Project("{FAE04EC0-301F-11D3-BF4B-00C04F79EFBC}") = "Task_9", "Task_9\Task_9.csproj", "{24E70C66-2FE8-4E5F-BD8D-B933FAC6C8A2}"
EndProject
Project("{FAE04EC0-301F-11D3-BF4B-00C04F79EFBC}") = "Task_10", "Task_10\Task_10.csproj", "{F57B6C29-B0EB-41B2-8AA4-9889761B282D}"
EndProject
Project("{FAE04EC0-301F-11D3-BF4B-00C04F79EFBC}") = "Task_11", "Task_11\Task_11.csproj", "{EC723859-6C56-49F1-8C24-DD2D0DE2907B}"
EndProject
Project("{FAE04EC0-301F-11D3-BF4B-00C04F79EFBC}") = "Task_14", "Task_14\Task_14.csproj", "{19A9508B-9A5A-4AA9-9A84-78384EBC8EFB}"
EndProject
Project("{FAE04EC0-301F-11D3-BF4B-00C04F79EFBC}") = "Task_12", "Task_12\Task_12.csproj", "{B2C5E006-1C2A-4794-80B7-07336C9F9FF3}"
EndProject
Project("{FAE04EC0-301F-11D3-BF4B-00C04F79EFBC}") = "Task_13", "Task_13\Task_13.csproj", "{14AF48E7-759E-44A5-9C83-12BEA038B768}"
EndProject
Global
	GlobalSection(SolutionConfigurationPlatforms) = preSolution
		Debug|Any CPU = Debug|Any CPU
		Debug|x64 = Debug|x64
		Debug|x86 = Debug|x86
		Release|Any CPU = Release|Any CPU
		Release|x64 = Release|x64
		Release|x86 = Release|x86
	EndGlobalSection
	GlobalSection(ProjectConfigurationPlatforms) = postSolution
		{BA56B728-026B-4004-AD19-D790285DDFB2}.Debug|Any CPU.ActiveCfg = Debug|Any CPU
		{BA56B728-026B-4004-AD19-D790285DDFB2}.Debug|Any CPU.Build.0 = Debug|Any CPU
		{BA56B728-026B-4004-AD19-D790285DDFB2}.Debug|x64.ActiveCfg = Debug|Any CPU
		{BA56B728-026B-4004-AD19-D790285DDFB2}.Debug|x64.Build.0 = Debug|Any CPU
		{BA56B728-026B-4004-AD19-D790285DDFB2}.Debug|x86.ActiveCfg = Debug|Any CPU
		{BA56B728-026B-4004-AD19-D790285DDFB2}.Debug|x86.Build.0 = Debug|Any CPU
		{BA56B728-026B-4004-AD19-D790285DDFB2}.Release|Any CPU.ActiveCfg = Release|Any CPU
		{BA56B728-026B-4004-AD19-D790285DDFB2}.Release|Any CPU.Build.0 = Release|Any CPU
		{BA56B728-026B-4004-AD19-D790285DDFB2}.Release|x64.ActiveCfg = Release|Any CPU
		{BA56B728-026B-4004-AD19-D790285DDFB2}.Release|x64.Build.0 = Release|Any CPU
		{BA56B728-026B-4004-AD19-D790285DDFB2}.Release|x86.ActiveCfg = Release|Any CPU
		{BA56B728-026B-4004-AD19-D790285DDFB2}.Release|x86.Build.0 = Release|Any CPU
		{C6D869D2-4123-43A2-A8A6-37B4D6235D74}.Debug|Any CPU.ActiveCfg = Debug|Any CPU
		{C6D869D2-4123-43A2-A8A6-37B4D6235D74}.Debug|Any CPU.Build.0 = Debug|Any CPU
		{C6D869D2-4123-43A2-A8A6-37B4D6235D74}.Debug|x64.ActiveCfg = Debug|Any CPU
		{C6D869D2-4123-43A2-A8A6-37B4D6235D74}.Debug|x64.Build.0 = Debug|Any CPU
		{C6D869D2-4123-43A2-A8A6-37B4D6235D74}.Debug|x86.ActiveCfg = Debug|Any CPU
		{C6D869D2-4123-43A2-A8A6-37B4D6235D74}.Debug|x86.Build.0 = Debug|Any CPU
		{C6D869D2-4123-43A2-A8A6-37B4D6235D74}.Release|Any CPU.ActiveCfg = Release|Any CPU
		{C6D869D2-4123-43A2-A8A6-37B4D6235D74}.Release|Any CPU.Build.0 = Release|Any CPU
		{C6D869D2-4123-43A2-A8A6-37B4D6235D74}.Release|x64.ActiveCfg = Release|Any CPU
		{C6D869D2-4123-43A2-A8A6-37B4D6235D74}.Release|x64.Build.0 = Release|Any CPU
		{C6D869D2-4123-43A2-A8A6-37B4D6235D74}.Release|x86.ActiveCfg = Release|Any CPU
		{C6D869D2-4123-43A2-A8A6-37B4D6235D74}.Release|x86.Build.0 = Release|Any CPU
		{14A37510-4BA0-402D-AFC6-5F8BE43D9D24}.Debug|Any CPU.ActiveCfg = Debug|Any CPU
		{14A37510-4BA0-402D-AFC6-5F8BE43D9D24}.Debug|Any CPU.Build.0 = Debug|Any CPU
		{14A37510-4BA0-402D-AFC6-5F8BE43D9D24}.Debug|x64.ActiveCfg = Debug|Any CPU
		{14A37510-4BA0-402D-AFC6-5F8BE43D9D24}.Debug|x64.Build.0 = Debug|Any CPU
		{14A37510-4BA0-402D-AFC6-5F8BE43D9D24}.Debug|x86.ActiveCfg = Debug|Any CPU
		{14A37510-4BA0-402D-AFC6-5F8BE43D9D24}.Debug|x86.Build.0 = Debug|Any CPU
		{14A37510-4BA0-402D-AFC6-5F8BE43D9D24}.Release|Any CPU.ActiveCfg = Release|Any CPU
		{14A37510-4BA0-402D-AFC6-5F8BE43D9D24}.Release|Any CPU.Build.0 = Release|Any CPU
		{14A37510-4BA0-402D-AFC6-5F8BE43D9D24}.Release|x64.ActiveCfg = Release|Any CPU
		{14A37510-4BA0-402D-AFC6-5F8BE43D9D24}.Release|x64.Build.0 = Release|Any CPU
		{14A37510-4BA0-402D-AFC6-5F8BE43D9D24}.Release|x86.ActiveCfg = Release|Any CPU
		{14A37510-4BA0-402D-AFC6-5F8BE43D9D24}.Release|x86.Build.0 = Release|Any CPU
		{F99B5D7A-17B9-4087-BA47-6DF7AFBAF5B5}.Debug|Any CPU.ActiveCfg = Debug|Any CPU
		{F99B5D7A-17B9-4087-BA47-6DF7AFBAF5B5}.Debug|Any CPU.Build.0 = Debug|Any CPU
		{F99B5D7A-17B9-4087-BA47-6DF7AFBAF5B5}.Debug|x64.ActiveCfg = Debug|Any CPU
		{F99B5D7A-17B9-4087-BA47-6DF7AFBAF5B5}.Debug|x64.Build.0 = Debug|Any CPU
		{F99B5D7A-17B9-4087-BA47-6DF7AFBAF5B5}.Debug|x86.ActiveCfg = Debug|Any CPU
		{F99B5D7A-17B9-4087-BA47-6DF7AFBAF5B5}.Debug|x86.Build.0 = Debug|Any CPU
		{F99B5D7A-17B9-4087-BA47-6DF7AFBAF5B5}.Release|Any CPU.ActiveCfg = Release|Any CPU
		{F99B5D7A-17B9-4087-BA47-6DF7AFBAF5B5}.Release|Any CPU.Build.0 = Release|Any CPU
		{F99B5D7A-17B9-4087-BA47-6DF7AFBAF5B5}.Release|x64.ActiveCfg = Release|Any CPU
		{F99B5D7A-17B9-4087-BA47-6DF7AFBAF5B5}.Release|x64.Build.0 = Release|Any CPU
		{F99B5D7A-17B9-4087-BA47-6DF7AFBAF5B5}.Release|x86.ActiveCfg = Release|Any CPU
		{F99B5D7A-17B9-4087-BA47-6DF7AFBAF5B5}.Release|x86.Build.0 = Release|Any CPU
		{EB307BED-5716-4AB1-A5D4-3AEF405EB3D7}.Debug|Any CPU.ActiveCfg = Debug|Any CPU
		{EB307BED-5716-4AB1-A5D4-3AEF405EB3D7}.Debug|Any CPU.Build.0 = Debug|Any CPU
		{EB307BED-5716-4AB1-A5D4-3AEF405EB3D7}.Debug|x64.ActiveCfg = Debug|Any CPU
		{EB307BED-5716-4AB1-A5D4-3AEF405EB3D7}.Debug|x64.Build.0 = Debug|Any CPU
		{EB307BED-5716-4AB1-A5D4-3AEF405EB3D7}.Debug|x86.ActiveCfg = Debug|Any CPU
		{EB307BED-5716-4AB1-A5D4-3AEF405EB3D7}.Debug|x86.Build.0 = Debug|Any CPU
		{EB307BED-5716-4AB1-A5D4-3AEF405EB3D7}.Release|Any CPU.ActiveCfg = Release|Any CPU
		{EB307BED-5716-4AB1-A5D4-3AEF405EB3D7}.Release|Any CPU.Build.0 = Release|Any CPU
		{EB307BED-5716-4AB1-A5D4-3AEF405EB3D7}.Release|x64.ActiveCfg = Release|Any CPU
		{EB307BED-5716-4AB1-A5D4-3AEF405EB3D7}.Release|x64.Build.0 = Release|Any CPU
		{EB307BED-5716-4AB1-A5D4-3AEF405EB3D7}.Release|x86.ActiveCfg = Release|Any CPU
		{EB307BED-5716-4AB1-A5D4-3AEF405EB3D7}.Release|x86.Build.0 = Release|Any CPU
		{48AC96CB-2AF5-43D1-978F-1DD3997421C0}.Debug|Any CPU.ActiveCfg = Debug|Any CPU
		{48AC96CB-2AF5-43D1-978F-1DD3997421C0}.Debug|Any CPU.Build.0 = Debug|Any CPU
		{48AC96CB-2AF5-43D1-978F-1DD3997421C0}.Debug|x64.ActiveCfg = Debug|Any CPU
		{48AC96CB-2AF5-43D1-978F-1DD3997421C0}.Debug|x64.Build.0 = Debug|Any CPU
		{48AC96CB-2AF5-43D1-978F-1DD3997421C0}.Debug|x86.ActiveCfg = Debug|Any CPU
		{48AC96CB-2AF5-43D1-978F-1DD3997421C0}.Debug|x86.Build.0 = Debug|Any CPU
		{48AC96CB-2AF5-43D1-978F-1DD3997421C0}.Release|Any CPU.ActiveCfg = Release|Any CPU
		{48AC96CB-2AF5-43D1-978F-1DD3997421C0}.Release|Any CPU.Build.0 = Release|Any CPU
		{48AC96CB-2AF5-43D1-978F-1DD3997421C0}.Release|x64.ActiveCfg = Release|Any CPU
		{48AC96CB-2AF5-43D1-978F-1DD3997421C0}.Release|x64.Build.0 = Release|Any CPU
		{48AC96CB-2AF5-43D1-978F-1DD3997421C0}.Release|x86.ActiveCfg = Release|Any CPU
		{48AC96CB-2AF5-43D1-978F-1DD3997421C0}.Release|x86.Build.0 = Release|Any CPU
		{5696EAA0-257A-4A82-B997-AAFD2FA3AE92}.Debug|Any CPU.ActiveCfg = Debug|Any CPU
		{5696EAA0-257A-4A82-B997-AAFD2FA3AE92}.Debug|Any CPU.Build.0 = Debug|Any CPU
		{5696EAA0-257A-4A82-B997-AAFD2FA3AE92}.Debug|x64.ActiveCfg = Debug|Any CPU
		{5696EAA0-257A-4A82-B997-AAFD2FA3AE92}.Debug|x64.Build.0 = Debug|Any CPU
		{5696EAA0-257A-4A82-B997-AAFD2FA3AE92}.Debug|x86.ActiveCfg = Debug|Any CPU
		{5696EAA0-257A-4A82-B997-AAFD2FA3AE92}.Debug|x86.Build.0 = Debug|Any CPU
		{5696EAA0-257A-4A82-B997-AAFD2FA3AE92}.Release|Any CPU.ActiveCfg = Release|Any CPU
		{5696EAA0-257A-4A82-B997-AAFD2FA3AE92}.Release|Any CPU.Build.0 = Release|Any CPU
		{5696EAA0-257A-4A82-B997-AAFD2FA3AE92}.Release|x64.ActiveCfg = Release|Any CPU
		{5696EAA0-257A-4A82-B997-AAFD2FA3AE92}.Release|x64.Build.0 = Release|Any CPU
		{5696EAA0-257A-4A82-B997-AAFD2FA3AE92}.Release|x86.ActiveCfg = Release|Any CPU
		{5696EAA0-257A-4A82-B997-AAFD2FA3AE92}.Release|x86.Build.0 = Release|Any CPU
		{5DB865C6-87DB-4076-8BE6-B9478A7A27B0}.Debug|Any CPU.ActiveCfg = Debug|Any CPU
		{5DB865C6-87DB-4076-8BE6-B9478A7A27B0}.Debug|Any CPU.Build.0 = Debug|Any CPU
		{5DB865C6-87DB-4076-8BE6-B9478A7A27B0}.Debug|x64.ActiveCfg = Debug|Any CPU
		{5DB865C6-87DB-4076-8BE6-B9478A7A27B0}.Debug|x64.Build.0 = Debug|Any CPU
		{5DB865C6-87DB-4076-8BE6-B9478A7A27B0}.Debug|x86.ActiveCfg = Debug|Any CPU
		{5DB865C6-87DB-4076-8BE6-B9478A7A27B0}.Debug|x86.Build.0 = Debug|Any CPU
		{5DB865C6-87DB-4076-8BE6-B9478A7A27B0}.Release|Any CPU.ActiveCfg = Release|Any CPU
		{5DB865C6-87DB-4076-8BE6-B9478A7A27B0}.Release|Any CPU.Build.0 = Release|Any CPU
		{5DB865C6-87DB-4076-8BE6-B9478A7A27B0}.Release|x64.ActiveCfg = Release|Any CPU
		{5DB865C6-87DB-4076-8BE6-B9478A7A27B0}.Release|x64.Build.0 = Release|Any CPU
		{5DB865C6-87DB-4076-8BE6-B9478A7A27B0}.Release|x86.ActiveCfg = Release|Any CPU
		{5DB865C6-87DB-4076-8BE6-B9478A7A27B0}.Release|x86.Build.0 = Release|Any CPU
		{24E70C66-2FE8-4E5F-BD8D-B933FAC6C8A2}.Debug|Any CPU.ActiveCfg = Debug|Any CPU
		{24E70C66-2FE8-4E5F-BD8D-B933FAC6C8A2}.Debug|Any CPU.Build.0 = Debug|Any CPU
		{24E70C66-2FE8-4E5F-BD8D-B933FAC6C8A2}.Debug|x64.ActiveCfg = Debug|Any CPU
		{24E70C66-2FE8-4E5F-BD8D-B933FAC6C8A2}.Debug|x64.Build.0 = Debug|Any CPU
		{24E70C66-2FE8-4E5F-BD8D-B933FAC6C8A2}.Debug|x86.ActiveCfg = Debug|Any CPU
		{24E70C66-2FE8-4E5F-BD8D-B933FAC6C8A2}.Debug|x86.Build.0 = Debug|Any CPU
		{24E70C66-2FE8-4E5F-BD8D-B933FAC6C8A2}.Release|Any CPU.ActiveCfg = Release|Any CPU
		{24E70C66-2FE8-4E5F-BD8D-B933FAC6C8A2}.Release|Any CPU.Build.0 = Release|Any CPU
		{24E70C66-2FE8-4E5F-BD8D-B933FAC6C8A2}.Release|x64.ActiveCfg = Release|Any CPU
		{24E70C66-2FE8-4E5F-BD8D-B933FAC6C8A2}.Release|x64.Build.0 = Release|Any CPU
		{24E70C66-2FE8-4E5F-BD8D-B933FAC6C8A2}.Release|x86.ActiveCfg = Release|Any CPU
		{24E70C66-2FE8-4E5F-BD8D-B933FAC6C8A2}.Release|x86.Build.0 = Release|Any CPU
		{F57B6C29-B0EB-41B2-8AA4-9889761B282D}.Debug|Any CPU.ActiveCfg = Debug|Any CPU
		{F57B6C29-B0EB-41B2-8AA4-9889761B282D}.Debug|Any CPU.Build.0 = Debug|Any CPU
		{F57B6C29-B0EB-41B2-8AA4-9889761B282D}.Debug|x64.ActiveCfg = Debug|Any CPU
		{F57B6C29-B0EB-41B2-8AA4-9889761B282D}.Debug|x64.Build.0 = Debug|Any CPU
		{F57B6C29-B0EB-41B2-8AA4-9889761B282D}.Debug|x86.ActiveCfg = Debug|Any CPU
		{F57B6C29-B0EB-41B2-8AA4-9889761B282D}.Debug|x86.Build.0 = Debug|Any CPU
		{F57B6C29-B0EB-41B2-8AA4-9889761B282D}.Release|Any CPU.ActiveCfg = Release|Any CPU
		{F57B6C29-B0EB-41B2-8AA4-9889761B282D}.Release|Any CPU.Build.0 = Release|Any CPU
		{F57B6C29-B0EB-41B2-8AA4-9889761B282D}.Release|x64.ActiveCfg = Release|Any CPU
		{F57B6C29-B0EB-41B2-8AA4-9889761B282D}.Release|x64.Build.0 = Release|Any CPU
		{F57B6C29-B0EB-41B2-8AA4-9889761B282D}.Release|x86.ActiveCfg = Release|Any CPU
		{F57B6C29-B0EB-41B2-8AA4-9889761B282D}.Release|x86.Build.0 = Release|Any CPU
		{EC723859-6C56-49F1-8C24-DD2D0DE2907B}.Debug|Any CPU.ActiveCfg = Debug|Any CPU
		{EC723859-6C56-49F1-8C24-DD2D0DE2907B}.Debug|Any CPU.Build.0 = Debug|Any CPU
		{EC723859-6C56-49F1-8C24-DD2D0DE2907B}.Debug|x64.ActiveCfg = Debug|Any CPU
		{EC723859-6C56-49F1-8C24-DD2D0DE2907B}.Debug|x64.Build.0 = Debug|Any CPU
		{EC723859-6C56-49F1-8C24-DD2D0DE2907B}.Debug|x86.ActiveCfg = Debug|Any CPU
		{EC723859-6C56-49F1-8C24-DD2D0DE2907B}.Debug|x86.Build.0 = Debug|Any CPU
		{EC723859-6C56-49F1-8C24-DD2D0DE2907B}.Release|Any CPU.ActiveCfg = Release|Any CPU
		{EC723859-6C56-49F1-8C24-DD2D0DE2907B}.Release|Any CPU.Build.0 = Release|Any CPU
		{EC723859-6C56-49F1-8C24-DD2D0DE2907B}.Release|x64.ActiveCfg = Release|Any CPU
		{EC723859-6C56-49F1-8C24-DD2D0DE2907B}.Release|x64.Build.0 = Release|Any CPU
		{EC723859-6C56-49F1-8C24-DD2D0DE2907B}.Release|x86.ActiveCfg = Release|Any CPU
		{EC723859-6C56-49F1-8C24-DD2D0DE2907B}.Release|x86.Build.0 = Release|Any CPU
		{19A9508B-9A5A-4AA9-9A84-78384EBC8EFB}.Debug|Any CPU.ActiveCfg = Debug|Any CPU
		{19A9508B-9A5A-4AA9-9A84-78384EBC8EFB}.Debug|Any CPU.Build.0 = Debug|Any CPU
		{19A9508B-9A5A-4AA9-9A84-78384EBC8EFB}.Debug|x64.ActiveCfg = Debug|Any CPU
		{19A9508B-9A5A-4AA9-9A84-78384EBC8EFB}.Debug|x64.Build.0 = Debug|Any CPU
		{19A9508B-9A5A-4AA9-9A84-78384EBC8EFB}.Debug|x86.ActiveCfg = Debug|Any CPU
		{19A9508B-9A5A-4AA9-9A84-78384EBC8EFB}.Debug|x86.Build.0 = Debug|Any CPU
		{19A9508B-9A5A-4AA9-9A84-78384EBC8EFB}.Release|Any CPU.ActiveCfg = Release|Any CPU
		{19A9508B-9A5A-4AA9-9A84-78384EBC8EFB}.Release|Any CPU.Build.0 = Release|Any CPU
		{19A9508B-9A5A-4AA9-9A84-78384EBC8EFB}.Release|x64.ActiveCfg = Release|Any CPU
		{19A9508B-9A5A-4AA9-9A84-78384EBC8EFB}.Release|x64.Build.0 = Release|Any CPU
		{19A9508B-9A5A-4AA9-9A84-78384EBC8EFB}.Release|x86.ActiveCfg = Release|Any CPU
		{19A9508B-9A5A-4AA9-9A84-78384EBC8EFB}.Release|x86.Build.0 = Release|Any CPU
		{B2C5E006-1C2A-4794-80B7-07336C9F9FF3}.Debug|Any CPU.ActiveCfg = Debug|Any CPU
		{B2C5E006-1C2A-4794-80B7-07336C9F9FF3}.Debug|Any CPU.Build.0 = Debug|Any CPU
		{B2C5E006-1C2A-4794-80B7-07336C9F9FF3}.Debug|x64.ActiveCfg = Debug|Any CPU
		{B2C5E006-1C2A-4794-80B7-07336C9F9FF3}.Debug|x64.Build.0 = Debug|Any CPU
		{B2C5E006-1C2A-4794-80B7-07336C9F9FF3}.Debug|x86.ActiveCfg = Debug|Any CPU
		{B2C5E006-1C2A-4794-80B7-07336C9F9FF3}.Debug|x86.Build.0 = Debug|Any CPU
		{B2C5E006-1C2A-4794-80B7-07336C9F9FF3}.Release|Any CPU.ActiveCfg = Release|Any CPU
		{B2C5E006-1C2A-4794-80B7-07336C9F9FF3}.Release|Any CPU.Build.0 = Release|Any CPU
		{B2C5E006-1C2A-4794-80B7-07336C9F9FF3}.Release|x64.ActiveCfg = Release|Any CPU
		{B2C5E006-1C2A-4794-80B7-07336C9F9FF3}.Release|x64.Build.0 = Release|Any CPU
		{B2C5E006-1C2A-4794-80B7-07336C9F9FF3}.Release|x86.ActiveCfg = Release|Any CPU
		{B2C5E006-1C2A-4794-80B7-07336C9F9FF3}.Release|x86.Build.0 = Release|Any CPU
		{14AF48E7-759E-44A5-9C83-12BEA038B768}.Debug|Any CPU.ActiveCfg = Debug|Any CPU
		{14AF48E7-759E-44A5-9C83-12BEA038B768}.Debug|Any CPU.Build.0 = Debug|Any CPU
		{14AF48E7-759E-44A5-9C83-12BEA038B768}.Debug|x64.ActiveCfg = Debug|Any CPU
		{14AF48E7-759E-44A5-9C83-12BEA038B768}.Debug|x64.Build.0 = Debug|Any CPU
		{14AF48E7-759E-44A5-9C83-12BEA038B768}.Debug|x86.ActiveCfg = Debug|Any CPU
		{14AF48E7-759E-44A5-9C83-12BEA038B768}.Debug|x86.Build.0 = Debug|Any CPU
		{14AF48E7-759E-44A5-9C83-12BEA038B768}.Release|Any CPU.ActiveCfg = Release|Any CPU
		{14AF48E7-759E-44A5-9C83-12BEA038B768}.Release|Any CPU.Build.0 = Release|Any CPU
		{14AF48E7-759E-44A5-9C83-12BEA038B768}.Release|x64.ActiveCfg = Release|Any CPU
		{14AF48E7-759E-44A5-9C83-12BEA038B768}.Release|x64.Build.0 = Release|Any CPU
		{14AF48E7-759E-44A5-9C83-12BEA038B768}.Release|x86.ActiveCfg = Release|Any CPU
		{14AF48E7-759E-44A5-9C83-12BEA038B768}.Release|x86.Build.0 = Release|Any CPU
	EndGlobalSection
	GlobalSection(SolutionProperties) = preSolution
		HideSolutionNode = FALSE
	EndGlobalSection
	GlobalSection(ExtensibilityGlobals) = postSolution
		SolutionGuid = {40C17DB4-95E4-438D-868E-AC8D4936C78D}
	EndGlobalSection
EndGlobal
